
Microsoft Visual Studio Solution File, Format Version 12.00
# Visual Studio Version 16
VisualStudioVersion = 16.0.31624.102
MinimumVisualStudioVersion = 10.0.40219.1
Project("{FAE04EC0-301F-11D3-BF4B-00C04F79EFBC}") = "UsuariosControl", "UsuariosControl.csproj", "{351BF4FB-4EA9-4A64-995C-C37AA1661816}"
EndProject
Global
	GlobalSection(SolutionConfigurationPlatforms) = preSolution
		Debug|Any CPU = Debug|Any CPU
		Release|Any CPU = Release|Any CPU
	EndGlobalSection
	GlobalSection(ProjectConfigurationPlatforms) = postSolution
		{351BF4FB-4EA9-4A64-995C-C37AA1661816}.Debug|Any CPU.ActiveCfg = Debug|Any CPU
		{351BF4FB-4EA9-4A64-995C-C37AA1661816}.Debug|Any CPU.Build.0 = Debug|Any CPU
		{351BF4FB-4EA9-4A64-995C-C37AA1661816}.Release|Any CPU.ActiveCfg = Release|Any CPU
		{351BF4FB-4EA9-4A64-995C-C37AA1661816}.Release|Any CPU.Build.0 = Release|Any CPU
	EndGlobalSection
	GlobalSection(SolutionProperties) = preSolution
		HideSolutionNode = FALSE
	EndGlobalSection
	GlobalSection(ExtensibilityGlobals) = postSolution
		SolutionGuid = {89897734-10B9-44ED-9A5D-8CEAAEC7A790}
	EndGlobalSection
EndGlobal
